{
  "requires": true,
  "lockfileVersion": 1,
  "dependencies": {
    "lozad": {
      "version": "1.9.0",
      "resolved": "https://registry.npmjs.org/lozad/-/lozad-1.9.0.tgz",
      "integrity": "sha512-JHLl59h3ESVfZEDyCeSlB3afZAIUZ6oA98hU3F6GZPRrPFWSuf6Z6zjMko+NEWpWfI7gGOMhE0d3txloLL2QiQ=="
    }
  }
}
